%{"earmark": {:hex, :earmark, "0.1.18", "41b774488a14d07ba76796a5b23de041b89d75a2460847750c4174113a772249", [:mix], []},
  "elixir_agi": {:hex, :elixir_agi, "0.0.11", "62c2a9b6da8ced7eeb96bd553df94ba7e85493142180eece1bcf1b0e49c2dc73", [:mix], []},
  "ex_doc": {:hex, :ex_doc, "0.10.0", "f49c237250b829df986486b38f043e6f8e19d19b41101987f7214543f75947ec", [:mix], [{:earmark, "~> 0.1.17 or ~> 0.2", [hex: :earmark, optional: true]}]}}
